
Microsoft Visual Studio Solution File, Format Version 12.00
# Visual Studio 15
VisualStudioVersion = 15.0.27428.2037
MinimumVisualStudioVersion = 10.0.40219.1
Project("{FAE04EC0-301F-11D3-BF4B-00C04F79EFBC}") = "Shedule", "Shedule\Shedule.csproj", "{B1A0DEAD-2B72-4878-8B85-4395A834DA3E}"
EndProject
Global
	GlobalSection(SolutionConfigurationPlatforms) = preSolution
		Debug|Any CPU = Debug|Any CPU
		Release|Any CPU = Release|Any CPU
	EndGlobalSection
	GlobalSection(ProjectConfigurationPlatforms) = postSolution
		{B1A0DEAD-2B72-4878-8B85-4395A834DA3E}.Debug|Any CPU.ActiveCfg = Debug|Any CPU
		{B1A0DEAD-2B72-4878-8B85-4395A834DA3E}.Debug|Any CPU.Build.0 = Debug|Any CPU
		{B1A0DEAD-2B72-4878-8B85-4395A834DA3E}.Release|Any CPU.ActiveCfg = Release|Any CPU
		{B1A0DEAD-2B72-4878-8B85-4395A834DA3E}.Release|Any CPU.Build.0 = Release|Any CPU
	EndGlobalSection
	GlobalSection(SolutionProperties) = preSolution
		HideSolutionNode = FALSE
	EndGlobalSection
	GlobalSection(ExtensibilityGlobals) = postSolution
		SolutionGuid = {BCE2FC49-40B7-4BCD-99A8-E94BAD891AA7}
	EndGlobalSection
EndGlobal
